
Microsoft Visual Studio Solution File, Format Version 12.00
# Visual Studio 2012
Project("{FAE04EC0-301F-11D3-BF4B-00C04F79EFBC}") = "WeakClosure.NetFramework", "WeakClosure.NetFramework\WeakClosure.NetFramework.csproj", "{336FD1A4-2F3F-4440-8F51-AF6060F0B15E}"
EndProject
Project("{FAE04EC0-301F-11D3-BF4B-00C04F79EFBC}") = "WeakClosure.Silverlight", "WeakClosure.Silverlight\WeakClosure.Silverlight.csproj", "{C600799E-808C-44C3-BDB6-4AE824DC8E93}"
EndProject
Project("{FAE04EC0-301F-11D3-BF4B-00C04F79EFBC}") = "Example.Console", "Example.Console\Example.Console.csproj", "{20BA7FDE-8516-4A10-8D1F-3E8596AA27B4}"
EndProject
Global
	GlobalSection(SolutionConfigurationPlatforms) = preSolution
		Debug|Any CPU = Debug|Any CPU
		Debug|Mixed Platforms = Debug|Mixed Platforms
		Debug|x86 = Debug|x86
		Release|Any CPU = Release|Any CPU
		Release|Mixed Platforms = Release|Mixed Platforms
		Release|x86 = Release|x86
	EndGlobalSection
	GlobalSection(ProjectConfigurationPlatforms) = postSolution
		{336FD1A4-2F3F-4440-8F51-AF6060F0B15E}.Debug|Any CPU.ActiveCfg = Debug|Any CPU
		{336FD1A4-2F3F-4440-8F51-AF6060F0B15E}.Debug|Any CPU.Build.0 = Debug|Any CPU
		{336FD1A4-2F3F-4440-8F51-AF6060F0B15E}.Debug|Mixed Platforms.ActiveCfg = Debug|Any CPU
		{336FD1A4-2F3F-4440-8F51-AF6060F0B15E}.Debug|Mixed Platforms.Build.0 = Debug|Any CPU
		{336FD1A4-2F3F-4440-8F51-AF6060F0B15E}.Debug|x86.ActiveCfg = Debug|Any CPU
		{336FD1A4-2F3F-4440-8F51-AF6060F0B15E}.Release|Any CPU.ActiveCfg = Release|Any CPU
		{336FD1A4-2F3F-4440-8F51-AF6060F0B15E}.Release|Any CPU.Build.0 = Release|Any CPU
		{336FD1A4-2F3F-4440-8F51-AF6060F0B15E}.Release|Mixed Platforms.ActiveCfg = Release|Any CPU
		{336FD1A4-2F3F-4440-8F51-AF6060F0B15E}.Release|Mixed Platforms.Build.0 = Release|Any CPU
		{336FD1A4-2F3F-4440-8F51-AF6060F0B15E}.Release|x86.ActiveCfg = Release|Any CPU
		{C600799E-808C-44C3-BDB6-4AE824DC8E93}.Debug|Any CPU.ActiveCfg = Debug|Any CPU
		{C600799E-808C-44C3-BDB6-4AE824DC8E93}.Debug|Any CPU.Build.0 = Debug|Any CPU
		{C600799E-808C-44C3-BDB6-4AE824DC8E93}.Debug|Mixed Platforms.ActiveCfg = Debug|Any CPU
		{C600799E-808C-44C3-BDB6-4AE824DC8E93}.Debug|Mixed Platforms.Build.0 = Debug|Any CPU
		{C600799E-808C-44C3-BDB6-4AE824DC8E93}.Debug|x86.ActiveCfg = Debug|Any CPU
		{C600799E-808C-44C3-BDB6-4AE824DC8E93}.Release|Any CPU.ActiveCfg = Release|Any CPU
		{C600799E-808C-44C3-BDB6-4AE824DC8E93}.Release|Any CPU.Build.0 = Release|Any CPU
		{C600799E-808C-44C3-BDB6-4AE824DC8E93}.Release|Mixed Platforms.ActiveCfg = Release|Any CPU
		{C600799E-808C-44C3-BDB6-4AE824DC8E93}.Release|Mixed Platforms.Build.0 = Release|Any CPU
		{C600799E-808C-44C3-BDB6-4AE824DC8E93}.Release|x86.ActiveCfg = Release|Any CPU
		{20BA7FDE-8516-4A10-8D1F-3E8596AA27B4}.Debug|Any CPU.ActiveCfg = Debug|x86
		{20BA7FDE-8516-4A10-8D1F-3E8596AA27B4}.Debug|Mixed Platforms.ActiveCfg = Debug|x86
		{20BA7FDE-8516-4A10-8D1F-3E8596AA27B4}.Debug|Mixed Platforms.Build.0 = Debug|x86
		{20BA7FDE-8516-4A10-8D1F-3E8596AA27B4}.Debug|x86.ActiveCfg = Debug|x86
		{20BA7FDE-8516-4A10-8D1F-3E8596AA27B4}.Debug|x86.Build.0 = Debug|x86
		{20BA7FDE-8516-4A10-8D1F-3E8596AA27B4}.Release|Any CPU.ActiveCfg = Release|x86
		{20BA7FDE-8516-4A10-8D1F-3E8596AA27B4}.Release|Mixed Platforms.ActiveCfg = Release|x86
		{20BA7FDE-8516-4A10-8D1F-3E8596AA27B4}.Release|Mixed Platforms.Build.0 = Release|x86
		{20BA7FDE-8516-4A10-8D1F-3E8596AA27B4}.Release|x86.ActiveCfg = Release|x86
		{20BA7FDE-8516-4A10-8D1F-3E8596AA27B4}.Release|x86.Build.0 = Release|x86
	EndGlobalSection
	GlobalSection(SolutionProperties) = preSolution
		HideSolutionNode = FALSE
	EndGlobalSection
EndGlobal
